
Microsoft Visual Studio Solution File, Format Version 12.00
# Visual Studio 15
VisualStudioVersion = 15.0.28010.2026
MinimumVisualStudioVersion = 10.0.40219.1
Project("{FAE04EC0-301F-11D3-BF4B-00C04F79EFBC}") = "MangerInstructions", "MangerInstructions\MangerInstructions.csproj", "{F92D7E7D-ECA1-4635-860E-B60A7F28548B}"
EndProject
Global
	GlobalSection(SolutionConfigurationPlatforms) = preSolution
		Debug|Any CPU = Debug|Any CPU
		Release|Any CPU = Release|Any CPU
	EndGlobalSection
	GlobalSection(ProjectConfigurationPlatforms) = postSolution
		{F92D7E7D-ECA1-4635-860E-B60A7F28548B}.Debug|Any CPU.ActiveCfg = Debug|Any CPU
		{F92D7E7D-ECA1-4635-860E-B60A7F28548B}.Debug|Any CPU.Build.0 = Debug|Any CPU
		{F92D7E7D-ECA1-4635-860E-B60A7F28548B}.Release|Any CPU.ActiveCfg = Release|Any CPU
		{F92D7E7D-ECA1-4635-860E-B60A7F28548B}.Release|Any CPU.Build.0 = Release|Any CPU
	EndGlobalSection
	GlobalSection(SolutionProperties) = preSolution
		HideSolutionNode = FALSE
	EndGlobalSection
	GlobalSection(ExtensibilityGlobals) = postSolution
		SolutionGuid = {CC874824-1DB7-4F50-82B2-D20060DA62F6}
	EndGlobalSection
EndGlobal
